<?xml version="1.0" encoding="utf-8"?>
<Project ToolsVersion="4.0" xmlns="http://schemas.microsoft.com/developer/msbuild/2003">
  <ItemGroup>
    <Filter Include="Source Files">
      <UniqueIdentifier>{4FC737F1-C7A5-4376-A066-2A32D752A2FF}</UniqueIdentifier>
      <Extensions>cpp;c;cc;cxx;c++;cppm;ixx;def;odl;idl;hpj;bat;asm;asmx</Extensions>
    </Filter>
    <Filter Include="Resource Files">
      <UniqueIdentifier>{67DA6AB6-F800-4c08-8B7A-83BB121AAD01}</UniqueIdentifier>
      <Extensions>rc;ico;cur;bmp;dlg;rc2;rct;bin;rgs;gif;jpg;jpeg;jpe;resx;tiff;tif;png;wav;mfcribbon-ms</Extensions>
    </Filter>
  </ItemGroup>
  <ItemGroup>
    <ClCompile Include="BootSector.cpp">
      <Filter>Source Files</Filter>
    </ClCompile>
    <ClCompile Include="Entry.cpp">
      <Filter>Source Files</Filter>
    </ClCompile>
    <ClCompile Include="FAT.cpp">
      <Filter>Source Files</Filter>
    </ClCompile>
    <ClCompile Include="FAT32.cpp">
      <Filter>Source Files</Filter>
    </ClCompile>
    <ClCompile Include="FileManagementSystem.cpp">
      <Filter>Source Files</Filter>
    </ClCompile>
    <ClCompile Include="main.cpp">
      <Filter>Source Files</Filter>
    </ClCompile>
    <ClCompile Include="NTFS.cpp">
      <Filter>Source Files</Filter>
    </ClCompile>
    <ClCompile Include="RDET.cpp">
      <Filter>Source Files</Filter>
    </ClCompile>
    <ClCompile Include="SectorReader.cpp">
      <Filter>Source Files</Filter>
    </ClCompile>
    <ClCompile Include="StaticVariable.cpp">
      <Filter>Source Files</Filter>
    </ClCompile>
    <ClCompile Include="VolumeBootRecord.cpp">
      <Filter>Source Files</Filter>
    </ClCompile>
    <ClCompile Include="FileManagementFactory.cpp">
      <Filter>Source Files</Filter>
    </ClCompile>
    <ClCompile Include="IParsable.cpp">
      <Filter>Source Files</Filter>
    </ClCompile>
    <ClCompile Include="Content.cpp">
      <Filter>Source Files</Filter>
    </ClCompile>
    <ClCompile Include="PseudoShell.cpp">
      <Filter>Source Files</Filter>
    </ClCompile>
    <ClCompile Include="BPB.cpp">
      <Filter>Source Files</Filter>
    </ClCompile>
  </ItemGroup>
  <ItemGroup>
    <ClInclude Include="BootSector.h">
      <Filter>Source Files</Filter>
    </ClInclude>
    <ClInclude Include="Entry.h">
      <Filter>Source Files</Filter>
    </ClInclude>
    <ClInclude Include="FAT.h">
      <Filter>Source Files</Filter>
    </ClInclude>
    <ClInclude Include="FAT32.h">
      <Filter>Source Files</Filter>
    </ClInclude>
    <ClInclude Include="FileManagementSystem.h">
      <Filter>Source Files</Filter>
    </ClInclude>
    <ClInclude Include="NTFS.h">
      <Filter>Source Files</Filter>
    </ClInclude>
    <ClInclude Include="RDET.h">
      <Filter>Source Files</Filter>
    </ClInclude>
    <ClInclude Include="SectorReader.h">
      <Filter>Source Files</Filter>
    </ClInclude>
    <ClInclude Include="StaticVariable.h">
      <Filter>Source Files</Filter>
    </ClInclude>
    <ClInclude Include="VolumeBootRecord.h">
      <Filter>Source Files</Filter>
    </ClInclude>
    <ClInclude Include="FileManagementFactory.h">
      <Filter>Source Files</Filter>
    </ClInclude>
    <ClInclude Include="IParsable.h">
      <Filter>Source Files</Filter>
    </ClInclude>
    <ClInclude Include="Content.h" />
    <ClInclude Include="PseudoShell.h" />
    <ClInclude Include="BPB.h" />
  </ItemGroup>
  <ItemGroup>
    <Text Include="CodingConvention.txt">
      <Filter>Source Files</Filter>
    </Text>
  </ItemGroup>
</Project>